
Microsoft Visual Studio Solution File, Format Version 12.00
# Visual Studio 2013
VisualStudioVersion = 12.0.21005.1
MinimumVisualStudioVersion = 10.0.40219.1
Project("{FAE04EC0-301F-11D3-BF4B-00C04F79EFBC}") = "Surf", "Surf\Surf\Surf.csproj", "{7CC287DD-63D4-428A-A6F0-7327C4ED7CAF}"
EndProject
Project("{FAE04EC0-301F-11D3-BF4B-00C04F79EFBC}") = "SurfSetup", "Setup\SurfSetup\SurfSetup.csproj", "{F04F38F2-F597-4F45-8982-414CDA3934B2}"
EndProject
Project("{FAE04EC0-301F-11D3-BF4B-00C04F79EFBC}") = "SurfSetupBeta", "Setup\SurfSetupBeta\SurfSetupBeta.csproj", "{FCF5B9F5-09CB-4EBD-88EC-69A8ACE1470E}"
EndProject
Global
	GlobalSection(SolutionConfigurationPlatforms) = preSolution
		Debug|Any CPU = Debug|Any CPU
		Debug|Mixed Platforms = Debug|Mixed Platforms
		Debug|x86 = Debug|x86
		Release|Any CPU = Release|Any CPU
		Release|Mixed Platforms = Release|Mixed Platforms
		Release|x86 = Release|x86
	EndGlobalSection
	GlobalSection(ProjectConfigurationPlatforms) = postSolution
		{7CC287DD-63D4-428A-A6F0-7327C4ED7CAF}.Debug|Any CPU.ActiveCfg = Debug|Any CPU
		{7CC287DD-63D4-428A-A6F0-7327C4ED7CAF}.Debug|Any CPU.Build.0 = Debug|Any CPU
		{7CC287DD-63D4-428A-A6F0-7327C4ED7CAF}.Debug|Mixed Platforms.ActiveCfg = Debug|x86
		{7CC287DD-63D4-428A-A6F0-7327C4ED7CAF}.Debug|Mixed Platforms.Build.0 = Debug|x86
		{7CC287DD-63D4-428A-A6F0-7327C4ED7CAF}.Debug|x86.ActiveCfg = Debug|x86
		{7CC287DD-63D4-428A-A6F0-7327C4ED7CAF}.Debug|x86.Build.0 = Debug|x86
		{7CC287DD-63D4-428A-A6F0-7327C4ED7CAF}.Debug|x86.Deploy.0 = Debug|x86
		{7CC287DD-63D4-428A-A6F0-7327C4ED7CAF}.Release|Any CPU.ActiveCfg = Release|Any CPU
		{7CC287DD-63D4-428A-A6F0-7327C4ED7CAF}.Release|Any CPU.Build.0 = Release|Any CPU
		{7CC287DD-63D4-428A-A6F0-7327C4ED7CAF}.Release|Mixed Platforms.ActiveCfg = Release|x86
		{7CC287DD-63D4-428A-A6F0-7327C4ED7CAF}.Release|Mixed Platforms.Build.0 = Release|x86
		{7CC287DD-63D4-428A-A6F0-7327C4ED7CAF}.Release|x86.ActiveCfg = Release|x86
		{7CC287DD-63D4-428A-A6F0-7327C4ED7CAF}.Release|x86.Build.0 = Release|x86
		{F04F38F2-F597-4F45-8982-414CDA3934B2}.Debug|Any CPU.ActiveCfg = Debug|Any CPU
		{F04F38F2-F597-4F45-8982-414CDA3934B2}.Debug|Any CPU.Build.0 = Debug|Any CPU
		{F04F38F2-F597-4F45-8982-414CDA3934B2}.Debug|Mixed Platforms.ActiveCfg = Debug|x86
		{F04F38F2-F597-4F45-8982-414CDA3934B2}.Debug|Mixed Platforms.Build.0 = Debug|x86
		{F04F38F2-F597-4F45-8982-414CDA3934B2}.Debug|x86.ActiveCfg = Release|x86
		{F04F38F2-F597-4F45-8982-414CDA3934B2}.Debug|x86.Build.0 = Release|x86
		{F04F38F2-F597-4F45-8982-414CDA3934B2}.Debug|x86.Deploy.0 = Release|x86
		{F04F38F2-F597-4F45-8982-414CDA3934B2}.Release|Any CPU.ActiveCfg = Release|Any CPU
		{F04F38F2-F597-4F45-8982-414CDA3934B2}.Release|Any CPU.Build.0 = Release|Any CPU
		{F04F38F2-F597-4F45-8982-414CDA3934B2}.Release|Mixed Platforms.ActiveCfg = Release|x86
		{F04F38F2-F597-4F45-8982-414CDA3934B2}.Release|Mixed Platforms.Build.0 = Release|x86
		{F04F38F2-F597-4F45-8982-414CDA3934B2}.Release|x86.ActiveCfg = Release|x86
		{F04F38F2-F597-4F45-8982-414CDA3934B2}.Release|x86.Build.0 = Release|x86
		{FCF5B9F5-09CB-4EBD-88EC-69A8ACE1470E}.Debug|Any CPU.ActiveCfg = Debug|Any CPU
		{FCF5B9F5-09CB-4EBD-88EC-69A8ACE1470E}.Debug|Any CPU.Build.0 = Debug|Any CPU
		{FCF5B9F5-09CB-4EBD-88EC-69A8ACE1470E}.Debug|Mixed Platforms.ActiveCfg = Debug|Any CPU
		{FCF5B9F5-09CB-4EBD-88EC-69A8ACE1470E}.Debug|Mixed Platforms.Build.0 = Debug|Any CPU
		{FCF5B9F5-09CB-4EBD-88EC-69A8ACE1470E}.Debug|x86.ActiveCfg = Debug|Any CPU
		{FCF5B9F5-09CB-4EBD-88EC-69A8ACE1470E}.Release|Any CPU.ActiveCfg = Release|Any CPU
		{FCF5B9F5-09CB-4EBD-88EC-69A8ACE1470E}.Release|Any CPU.Build.0 = Release|Any CPU
		{FCF5B9F5-09CB-4EBD-88EC-69A8ACE1470E}.Release|Mixed Platforms.ActiveCfg = Release|Any CPU
		{FCF5B9F5-09CB-4EBD-88EC-69A8ACE1470E}.Release|Mixed Platforms.Build.0 = Release|Any CPU
		{FCF5B9F5-09CB-4EBD-88EC-69A8ACE1470E}.Release|x86.ActiveCfg = Release|Any CPU
	EndGlobalSection
	GlobalSection(SolutionProperties) = preSolution
		HideSolutionNode = FALSE
	EndGlobalSection
EndGlobal
